
Microsoft Visual Studio Solution File, Format Version 12.00
# Visual Studio Version 17
VisualStudioVersion = 17.14.36401.2
MinimumVisualStudioVersion = 10.0.40219.1
Project("{2150E333-8FDC-42A3-9474-1A3956D46DE8}") = "Events", "Events", "{02EA681E-C7D8-13C7-8484-4AC65E1B71E8}"
EndProject
Project("{2150E333-8FDC-42A3-9474-1A3956D46DE8}") = "Bookings", "Bookings", "{B884AA37-21BC-4FCA-83B1-954B1C8FECC0}"
EndProject
Project("{2150E333-8FDC-42A3-9474-1A3956D46DE8}") = "Users", "Users", "{12AC4B06-48A9-40CE-82E9-B73DB76C2C8E}"
EndProject
Project("{FAE04EC0-301F-11D3-BF4B-00C04F79EFBC}") = "Bookings.Application", "Bookings\Bookings.Application\Bookings.Application.csproj", "{31994619-07DC-11AD-A96E-AB4D6DBCCB62}"
EndProject
Project("{FAE04EC0-301F-11D3-BF4B-00C04F79EFBC}") = "Bookings.Domain", "Bookings\Bookings.Domain\Bookings.Domain.csproj", "{AFCD5456-C1E6-8FFA-131F-E0857EBAE108}"
EndProject
Project("{FAE04EC0-301F-11D3-BF4B-00C04F79EFBC}") = "Bookings.Infrastructure", "Bookings\Bookings.Infrastructure\Bookings.Infrastructure.csproj", "{EAF433EE-EF7D-28FF-C3F6-AA7792786D68}"
EndProject
Project("{FAE04EC0-301F-11D3-BF4B-00C04F79EFBC}") = "Bookings.Presentation", "Bookings\Bookings.Presentation\Bookings.Presentation.csproj", "{C7F500E5-E60E-87F6-A519-20F91CA9E685}"
EndProject
Project("{FAE04EC0-301F-11D3-BF4B-00C04F79EFBC}") = "Events.Presentation", "Events\Events.Presentation\Events.Presentation.csproj", "{0FD6FC04-2933-4BA4-8DA1-227B3E493221}"
EndProject
Project("{FAE04EC0-301F-11D3-BF4B-00C04F79EFBC}") = "Events.Application", "Events\Events.Application\Events.Application.csproj", "{754B1A20-A078-445D-871F-35FA1EEDDE2E}"
EndProject
Project("{FAE04EC0-301F-11D3-BF4B-00C04F79EFBC}") = "Events.Infrastructure", "Events\Events.Infrastructure\Events.Infrastructure.csproj", "{FCC52900-CDEB-42E7-A0B8-3EBC4E551612}"
EndProject
Project("{FAE04EC0-301F-11D3-BF4B-00C04F79EFBC}") = "Events.Domain", "Events\Events.Domain\Events.Domain.csproj", "{2B1A9E8F-9566-404A-8197-87BB9911217D}"
EndProject
Project("{FAE04EC0-301F-11D3-BF4B-00C04F79EFBC}") = "Users.Presentation", "Users\Users.Presentation\Users.Presentation.csproj", "{106181DD-2110-061B-9343-524BB43E91F4}"
EndProject
Project("{FAE04EC0-301F-11D3-BF4B-00C04F79EFBC}") = "Users.Application", "Users\Users.Application\Users.Application.csproj", "{4DA881C5-92AB-42A0-B033-B05B8F439086}"
EndProject
Project("{FAE04EC0-301F-11D3-BF4B-00C04F79EFBC}") = "Users.Domain", "Users\Users.Domain\Users.Domain.csproj", "{8DCDC263-E23C-49AE-96F0-529AB0021586}"
EndProject
Project("{FAE04EC0-301F-11D3-BF4B-00C04F79EFBC}") = "Users.Infrastructure", "Users\Users.Infrastructure\Users.Infrastructure.csproj", "{EBA52D7D-6958-41B2-9815-31B51398584C}"
EndProject
Project("{2150E333-8FDC-42A3-9474-1A3956D46DE8}") = "Common", "Common", "{369CB01D-A1A7-72D2-AABC-3F0945D148A2}"
EndProject
Project("{FAE04EC0-301F-11D3-BF4B-00C04F79EFBC}") = "Common", "Common\Common\Common.csproj", "{EEC156D4-69B8-464A-AC9E-BD616842F56C}"
EndProject
Project("{E53339B2-1760-4266-BCC7-CA923CBCF16C}") = "docker-compose", "docker-compose.dcproj", "{81DDED9D-158B-E303-5F62-77A2896D2A5A}"
EndProject
Project("{FAE04EC0-301F-11D3-BF4B-00C04F79EFBC}") = "Events.UnitTest", "Events\Events.UnitTest\Events.UnitTest.csproj", "{EAC32B60-235B-4F6D-8DFF-6626349016A0}"
EndProject
Global
	GlobalSection(SolutionConfigurationPlatforms) = preSolution
		Debug|Any CPU = Debug|Any CPU
		Release|Any CPU = Release|Any CPU
	EndGlobalSection
	GlobalSection(ProjectConfigurationPlatforms) = postSolution
		{31994619-07DC-11AD-A96E-AB4D6DBCCB62}.Debug|Any CPU.ActiveCfg = Debug|Any CPU
		{31994619-07DC-11AD-A96E-AB4D6DBCCB62}.Debug|Any CPU.Build.0 = Debug|Any CPU
		{31994619-07DC-11AD-A96E-AB4D6DBCCB62}.Release|Any CPU.ActiveCfg = Release|Any CPU
		{31994619-07DC-11AD-A96E-AB4D6DBCCB62}.Release|Any CPU.Build.0 = Release|Any CPU
		{AFCD5456-C1E6-8FFA-131F-E0857EBAE108}.Debug|Any CPU.ActiveCfg = Debug|Any CPU
		{AFCD5456-C1E6-8FFA-131F-E0857EBAE108}.Debug|Any CPU.Build.0 = Debug|Any CPU
		{AFCD5456-C1E6-8FFA-131F-E0857EBAE108}.Release|Any CPU.ActiveCfg = Release|Any CPU
		{AFCD5456-C1E6-8FFA-131F-E0857EBAE108}.Release|Any CPU.Build.0 = Release|Any CPU
		{EAF433EE-EF7D-28FF-C3F6-AA7792786D68}.Debug|Any CPU.ActiveCfg = Debug|Any CPU
		{EAF433EE-EF7D-28FF-C3F6-AA7792786D68}.Debug|Any CPU.Build.0 = Debug|Any CPU
		{EAF433EE-EF7D-28FF-C3F6-AA7792786D68}.Release|Any CPU.ActiveCfg = Release|Any CPU
		{EAF433EE-EF7D-28FF-C3F6-AA7792786D68}.Release|Any CPU.Build.0 = Release|Any CPU
		{C7F500E5-E60E-87F6-A519-20F91CA9E685}.Debug|Any CPU.ActiveCfg = Debug|Any CPU
		{C7F500E5-E60E-87F6-A519-20F91CA9E685}.Debug|Any CPU.Build.0 = Debug|Any CPU
		{C7F500E5-E60E-87F6-A519-20F91CA9E685}.Release|Any CPU.ActiveCfg = Release|Any CPU
		{C7F500E5-E60E-87F6-A519-20F91CA9E685}.Release|Any CPU.Build.0 = Release|Any CPU
		{0FD6FC04-2933-4BA4-8DA1-227B3E493221}.Debug|Any CPU.ActiveCfg = Debug|Any CPU
		{0FD6FC04-2933-4BA4-8DA1-227B3E493221}.Debug|Any CPU.Build.0 = Debug|Any CPU
		{0FD6FC04-2933-4BA4-8DA1-227B3E493221}.Release|Any CPU.ActiveCfg = Release|Any CPU
		{0FD6FC04-2933-4BA4-8DA1-227B3E493221}.Release|Any CPU.Build.0 = Release|Any CPU
		{754B1A20-A078-445D-871F-35FA1EEDDE2E}.Debug|Any CPU.ActiveCfg = Debug|Any CPU
		{754B1A20-A078-445D-871F-35FA1EEDDE2E}.Debug|Any CPU.Build.0 = Debug|Any CPU
		{754B1A20-A078-445D-871F-35FA1EEDDE2E}.Release|Any CPU.ActiveCfg = Release|Any CPU
		{754B1A20-A078-445D-871F-35FA1EEDDE2E}.Release|Any CPU.Build.0 = Release|Any CPU
		{FCC52900-CDEB-42E7-A0B8-3EBC4E551612}.Debug|Any CPU.ActiveCfg = Debug|Any CPU
		{FCC52900-CDEB-42E7-A0B8-3EBC4E551612}.Debug|Any CPU.Build.0 = Debug|Any CPU
		{FCC52900-CDEB-42E7-A0B8-3EBC4E551612}.Release|Any CPU.ActiveCfg = Release|Any CPU
		{FCC52900-CDEB-42E7-A0B8-3EBC4E551612}.Release|Any CPU.Build.0 = Release|Any CPU
		{2B1A9E8F-9566-404A-8197-87BB9911217D}.Debug|Any CPU.ActiveCfg = Debug|Any CPU
		{2B1A9E8F-9566-404A-8197-87BB9911217D}.Debug|Any CPU.Build.0 = Debug|Any CPU
		{2B1A9E8F-9566-404A-8197-87BB9911217D}.Release|Any CPU.ActiveCfg = Release|Any CPU
		{2B1A9E8F-9566-404A-8197-87BB9911217D}.Release|Any CPU.Build.0 = Release|Any CPU
		{106181DD-2110-061B-9343-524BB43E91F4}.Debug|Any CPU.ActiveCfg = Debug|Any CPU
		{106181DD-2110-061B-9343-524BB43E91F4}.Debug|Any CPU.Build.0 = Debug|Any CPU
		{106181DD-2110-061B-9343-524BB43E91F4}.Release|Any CPU.ActiveCfg = Release|Any CPU
		{106181DD-2110-061B-9343-524BB43E91F4}.Release|Any CPU.Build.0 = Release|Any CPU
		{4DA881C5-92AB-42A0-B033-B05B8F439086}.Debug|Any CPU.ActiveCfg = Debug|Any CPU
		{4DA881C5-92AB-42A0-B033-B05B8F439086}.Debug|Any CPU.Build.0 = Debug|Any CPU
		{4DA881C5-92AB-42A0-B033-B05B8F439086}.Release|Any CPU.ActiveCfg = Release|Any CPU
		{4DA881C5-92AB-42A0-B033-B05B8F439086}.Release|Any CPU.Build.0 = Release|Any CPU
		{8DCDC263-E23C-49AE-96F0-529AB0021586}.Debug|Any CPU.ActiveCfg = Debug|Any CPU
		{8DCDC263-E23C-49AE-96F0-529AB0021586}.Debug|Any CPU.Build.0 = Debug|Any CPU
		{8DCDC263-E23C-49AE-96F0-529AB0021586}.Release|Any CPU.ActiveCfg = Release|Any CPU
		{8DCDC263-E23C-49AE-96F0-529AB0021586}.Release|Any CPU.Build.0 = Release|Any CPU
		{EBA52D7D-6958-41B2-9815-31B51398584C}.Debug|Any CPU.ActiveCfg = Debug|Any CPU
		{EBA52D7D-6958-41B2-9815-31B51398584C}.Debug|Any CPU.Build.0 = Debug|Any CPU
		{EBA52D7D-6958-41B2-9815-31B51398584C}.Release|Any CPU.ActiveCfg = Release|Any CPU
		{EBA52D7D-6958-41B2-9815-31B51398584C}.Release|Any CPU.Build.0 = Release|Any CPU
		{EEC156D4-69B8-464A-AC9E-BD616842F56C}.Debug|Any CPU.ActiveCfg = Debug|Any CPU
		{EEC156D4-69B8-464A-AC9E-BD616842F56C}.Debug|Any CPU.Build.0 = Debug|Any CPU
		{EEC156D4-69B8-464A-AC9E-BD616842F56C}.Release|Any CPU.ActiveCfg = Release|Any CPU
		{EEC156D4-69B8-464A-AC9E-BD616842F56C}.Release|Any CPU.Build.0 = Release|Any CPU
		{81DDED9D-158B-E303-5F62-77A2896D2A5A}.Debug|Any CPU.ActiveCfg = Debug|Any CPU
		{81DDED9D-158B-E303-5F62-77A2896D2A5A}.Debug|Any CPU.Build.0 = Debug|Any CPU
		{81DDED9D-158B-E303-5F62-77A2896D2A5A}.Release|Any CPU.ActiveCfg = Release|Any CPU
		{81DDED9D-158B-E303-5F62-77A2896D2A5A}.Release|Any CPU.Build.0 = Release|Any CPU
		{EAC32B60-235B-4F6D-8DFF-6626349016A0}.Debug|Any CPU.ActiveCfg = Debug|Any CPU
		{EAC32B60-235B-4F6D-8DFF-6626349016A0}.Debug|Any CPU.Build.0 = Debug|Any CPU
		{EAC32B60-235B-4F6D-8DFF-6626349016A0}.Release|Any CPU.ActiveCfg = Release|Any CPU
		{EAC32B60-235B-4F6D-8DFF-6626349016A0}.Release|Any CPU.Build.0 = Release|Any CPU
	EndGlobalSection
	GlobalSection(SolutionProperties) = preSolution
		HideSolutionNode = FALSE
	EndGlobalSection
	GlobalSection(NestedProjects) = preSolution
		{31994619-07DC-11AD-A96E-AB4D6DBCCB62} = {B884AA37-21BC-4FCA-83B1-954B1C8FECC0}
		{AFCD5456-C1E6-8FFA-131F-E0857EBAE108} = {B884AA37-21BC-4FCA-83B1-954B1C8FECC0}
		{EAF433EE-EF7D-28FF-C3F6-AA7792786D68} = {B884AA37-21BC-4FCA-83B1-954B1C8FECC0}
		{C7F500E5-E60E-87F6-A519-20F91CA9E685} = {B884AA37-21BC-4FCA-83B1-954B1C8FECC0}
		{0FD6FC04-2933-4BA4-8DA1-227B3E493221} = {02EA681E-C7D8-13C7-8484-4AC65E1B71E8}
		{754B1A20-A078-445D-871F-35FA1EEDDE2E} = {02EA681E-C7D8-13C7-8484-4AC65E1B71E8}
		{FCC52900-CDEB-42E7-A0B8-3EBC4E551612} = {02EA681E-C7D8-13C7-8484-4AC65E1B71E8}
		{2B1A9E8F-9566-404A-8197-87BB9911217D} = {02EA681E-C7D8-13C7-8484-4AC65E1B71E8}
		{106181DD-2110-061B-9343-524BB43E91F4} = {12AC4B06-48A9-40CE-82E9-B73DB76C2C8E}
		{4DA881C5-92AB-42A0-B033-B05B8F439086} = {12AC4B06-48A9-40CE-82E9-B73DB76C2C8E}
		{8DCDC263-E23C-49AE-96F0-529AB0021586} = {12AC4B06-48A9-40CE-82E9-B73DB76C2C8E}
		{EBA52D7D-6958-41B2-9815-31B51398584C} = {12AC4B06-48A9-40CE-82E9-B73DB76C2C8E}
		{EEC156D4-69B8-464A-AC9E-BD616842F56C} = {369CB01D-A1A7-72D2-AABC-3F0945D148A2}
		{EAC32B60-235B-4F6D-8DFF-6626349016A0} = {02EA681E-C7D8-13C7-8484-4AC65E1B71E8}
	EndGlobalSection
	GlobalSection(ExtensibilityGlobals) = postSolution
		SolutionGuid = {24906384-AA12-4DFA-BF6D-C8A4DBD7B1DD}
	EndGlobalSection
EndGlobal
